
Microsoft Visual Studio Solution File, Format Version 12.00
# Visual Studio Version 18
VisualStudioVersion = 18.5.11723.231 stable
MinimumVisualStudioVersion = 10.0.40219.1
Project("{FAE04EC0-301F-11D3-BF4B-00C04F79EFBC}") = "ZZZ-PS-Launcher", "ZZZ-PS-Launcher.csproj", "{D6A07516-412F-D32F-36E9-4DA49DF926AB}"
EndProject
Global
	GlobalSection(SolutionConfigurationPlatforms) = preSolution
		Debug|Any CPU = Debug|Any CPU
		Release|Any CPU = Release|Any CPU
	EndGlobalSection
	GlobalSection(ProjectConfigurationPlatforms) = postSolution
		{D6A07516-412F-D32F-36E9-4DA49DF926AB}.Debug|Any CPU.ActiveCfg = Debug|Any CPU
		{D6A07516-412F-D32F-36E9-4DA49DF926AB}.Debug|Any CPU.Build.0 = Debug|Any CPU
		{D6A07516-412F-D32F-36E9-4DA49DF926AB}.Release|Any CPU.ActiveCfg = Release|Any CPU
		{D6A07516-412F-D32F-36E9-4DA49DF926AB}.Release|Any CPU.Build.0 = Release|Any CPU
	EndGlobalSection
	GlobalSection(SolutionProperties) = preSolution
		HideSolutionNode = FALSE
	EndGlobalSection
	GlobalSection(ExtensibilityGlobals) = postSolution
		SolutionGuid = {D5B168B7-D393-4E42-800D-4271484E61FE}
	EndGlobalSection
EndGlobal
